
Microsoft Visual Studio Solution File, Format Version 12.00
# Visual Studio Version 16
VisualStudioVersion = 16.0.29709.97
MinimumVisualStudioVersion = 10.0.40219.1
Project("{FAE04EC0-301F-11D3-BF4B-00C04F79EFBC}") = "MAD 4 Lab B.Android", "MAD 4 Lab B\MAD 4 Lab B.Android\MAD 4 Lab B.Android.csproj", "{F91DA191-6685-491B-92E1-9EE36B8FE2D9}"
EndProject
Project("{FAE04EC0-301F-11D3-BF4B-00C04F79EFBC}") = "MAD 4 Lab B.iOS", "MAD 4 Lab B\MAD 4 Lab B.iOS\MAD 4 Lab B.iOS.csproj", "{89B2C620-CC38-478B-A7E2-D2625AA56D80}"
EndProject
Project("{FAE04EC0-301F-11D3-BF4B-00C04F79EFBC}") = "MAD 4 Lab B", "MAD 4 Lab B\MAD 4 Lab B\MAD 4 Lab B.csproj", "{5243A589-7C8D-4CD0-8914-C2FD2560A1B3}"
EndProject
Global
	GlobalSection(SolutionConfigurationPlatforms) = preSolution
		Debug|Any CPU = Debug|Any CPU
		Debug|iPhone = Debug|iPhone
		Debug|iPhoneSimulator = Debug|iPhoneSimulator
		Release|Any CPU = Release|Any CPU
		Release|iPhone = Release|iPhone
		Release|iPhoneSimulator = Release|iPhoneSimulator
	EndGlobalSection
	GlobalSection(ProjectConfigurationPlatforms) = postSolution
		{F91DA191-6685-491B-92E1-9EE36B8FE2D9}.Debug|Any CPU.ActiveCfg = Debug|Any CPU
		{F91DA191-6685-491B-92E1-9EE36B8FE2D9}.Debug|Any CPU.Build.0 = Debug|Any CPU
		{F91DA191-6685-491B-92E1-9EE36B8FE2D9}.Debug|Any CPU.Deploy.0 = Debug|Any CPU
		{F91DA191-6685-491B-92E1-9EE36B8FE2D9}.Debug|iPhone.ActiveCfg = Debug|Any CPU
		{F91DA191-6685-491B-92E1-9EE36B8FE2D9}.Debug|iPhone.Build.0 = Debug|Any CPU
		{F91DA191-6685-491B-92E1-9EE36B8FE2D9}.Debug|iPhone.Deploy.0 = Debug|Any CPU
		{F91DA191-6685-491B-92E1-9EE36B8FE2D9}.Debug|iPhoneSimulator.ActiveCfg = Debug|Any CPU
		{F91DA191-6685-491B-92E1-9EE36B8FE2D9}.Debug|iPhoneSimulator.Build.0 = Debug|Any CPU
		{F91DA191-6685-491B-92E1-9EE36B8FE2D9}.Debug|iPhoneSimulator.Deploy.0 = Debug|Any CPU
		{F91DA191-6685-491B-92E1-9EE36B8FE2D9}.Release|Any CPU.ActiveCfg = Release|Any CPU
		{F91DA191-6685-491B-92E1-9EE36B8FE2D9}.Release|Any CPU.Build.0 = Release|Any CPU
		{F91DA191-6685-491B-92E1-9EE36B8FE2D9}.Release|Any CPU.Deploy.0 = Release|Any CPU
		{F91DA191-6685-491B-92E1-9EE36B8FE2D9}.Release|iPhone.ActiveCfg = Release|Any CPU
		{F91DA191-6685-491B-92E1-9EE36B8FE2D9}.Release|iPhone.Build.0 = Release|Any CPU
		{F91DA191-6685-491B-92E1-9EE36B8FE2D9}.Release|iPhone.Deploy.0 = Release|Any CPU
		{F91DA191-6685-491B-92E1-9EE36B8FE2D9}.Release|iPhoneSimulator.ActiveCfg = Release|Any CPU
		{F91DA191-6685-491B-92E1-9EE36B8FE2D9}.Release|iPhoneSimulator.Build.0 = Release|Any CPU
		{F91DA191-6685-491B-92E1-9EE36B8FE2D9}.Release|iPhoneSimulator.Deploy.0 = Release|Any CPU
		{89B2C620-CC38-478B-A7E2-D2625AA56D80}.Debug|Any CPU.ActiveCfg = Debug|iPhoneSimulator
		{89B2C620-CC38-478B-A7E2-D2625AA56D80}.Debug|Any CPU.Build.0 = Debug|iPhoneSimulator
		{89B2C620-CC38-478B-A7E2-D2625AA56D80}.Debug|Any CPU.Deploy.0 = Debug|iPhoneSimulator
		{89B2C620-CC38-478B-A7E2-D2625AA56D80}.Debug|iPhone.ActiveCfg = Debug|iPhone
		{89B2C620-CC38-478B-A7E2-D2625AA56D80}.Debug|iPhone.Build.0 = Debug|iPhone
		{89B2C620-CC38-478B-A7E2-D2625AA56D80}.Debug|iPhone.Deploy.0 = Debug|iPhone
		{89B2C620-CC38-478B-A7E2-D2625AA56D80}.Debug|iPhoneSimulator.ActiveCfg = Debug|iPhoneSimulator
		{89B2C620-CC38-478B-A7E2-D2625AA56D80}.Debug|iPhoneSimulator.Build.0 = Debug|iPhoneSimulator
		{89B2C620-CC38-478B-A7E2-D2625AA56D80}.Debug|iPhoneSimulator.Deploy.0 = Debug|iPhoneSimulator
		{89B2C620-CC38-478B-A7E2-D2625AA56D80}.Release|Any CPU.ActiveCfg = Release|iPhone
		{89B2C620-CC38-478B-A7E2-D2625AA56D80}.Release|Any CPU.Build.0 = Release|iPhone
		{89B2C620-CC38-478B-A7E2-D2625AA56D80}.Release|Any CPU.Deploy.0 = Release|iPhone
		{89B2C620-CC38-478B-A7E2-D2625AA56D80}.Release|iPhone.ActiveCfg = Release|iPhone
		{89B2C620-CC38-478B-A7E2-D2625AA56D80}.Release|iPhone.Build.0 = Release|iPhone
		{89B2C620-CC38-478B-A7E2-D2625AA56D80}.Release|iPhone.Deploy.0 = Release|iPhone
		{89B2C620-CC38-478B-A7E2-D2625AA56D80}.Release|iPhoneSimulator.ActiveCfg = Release|iPhoneSimulator
		{89B2C620-CC38-478B-A7E2-D2625AA56D80}.Release|iPhoneSimulator.Build.0 = Release|iPhoneSimulator
		{89B2C620-CC38-478B-A7E2-D2625AA56D80}.Release|iPhoneSimulator.Deploy.0 = Release|iPhoneSimulator
		{5243A589-7C8D-4CD0-8914-C2FD2560A1B3}.Debug|Any CPU.ActiveCfg = Debug|Any CPU
		{5243A589-7C8D-4CD0-8914-C2FD2560A1B3}.Debug|Any CPU.Build.0 = Debug|Any CPU
		{5243A589-7C8D-4CD0-8914-C2FD2560A1B3}.Debug|Any CPU.Deploy.0 = Debug|Any CPU
		{5243A589-7C8D-4CD0-8914-C2FD2560A1B3}.Debug|iPhone.ActiveCfg = Debug|Any CPU
		{5243A589-7C8D-4CD0-8914-C2FD2560A1B3}.Debug|iPhone.Build.0 = Debug|Any CPU
		{5243A589-7C8D-4CD0-8914-C2FD2560A1B3}.Debug|iPhone.Deploy.0 = Debug|Any CPU
		{5243A589-7C8D-4CD0-8914-C2FD2560A1B3}.Debug|iPhoneSimulator.ActiveCfg = Debug|Any CPU
		{5243A589-7C8D-4CD0-8914-C2FD2560A1B3}.Debug|iPhoneSimulator.Build.0 = Debug|Any CPU
		{5243A589-7C8D-4CD0-8914-C2FD2560A1B3}.Debug|iPhoneSimulator.Deploy.0 = Debug|Any CPU
		{5243A589-7C8D-4CD0-8914-C2FD2560A1B3}.Release|Any CPU.ActiveCfg = Release|Any CPU
		{5243A589-7C8D-4CD0-8914-C2FD2560A1B3}.Release|Any CPU.Build.0 = Release|Any CPU
		{5243A589-7C8D-4CD0-8914-C2FD2560A1B3}.Release|Any CPU.Deploy.0 = Release|Any CPU
		{5243A589-7C8D-4CD0-8914-C2FD2560A1B3}.Release|iPhone.ActiveCfg = Release|Any CPU
		{5243A589-7C8D-4CD0-8914-C2FD2560A1B3}.Release|iPhone.Build.0 = Release|Any CPU
		{5243A589-7C8D-4CD0-8914-C2FD2560A1B3}.Release|iPhone.Deploy.0 = Release|Any CPU
		{5243A589-7C8D-4CD0-8914-C2FD2560A1B3}.Release|iPhoneSimulator.ActiveCfg = Release|Any CPU
		{5243A589-7C8D-4CD0-8914-C2FD2560A1B3}.Release|iPhoneSimulator.Build.0 = Release|Any CPU
		{5243A589-7C8D-4CD0-8914-C2FD2560A1B3}.Release|iPhoneSimulator.Deploy.0 = Release|Any CPU
	EndGlobalSection
	GlobalSection(SolutionProperties) = preSolution
		HideSolutionNode = FALSE
	EndGlobalSection
	GlobalSection(ExtensibilityGlobals) = postSolution
		SolutionGuid = {821F3F0B-412C-440D-8F40-6AADFE3DA4F8}
	EndGlobalSection
EndGlobal
